
Microsoft Visual Studio Solution File, Format Version 12.00
# Visual Studio Version 16
VisualStudioVersion = 16.0.31624.102
MinimumVisualStudioVersion = 10.0.40219.1
Project("{FAE04EC0-301F-11D3-BF4B-00C04F79EFBC}") = "G1ANT.Addon.AudioAddon", "G1ANT.Addon.AudioAddon\G1ANT.Addon.AudioAddon.csproj", "{298C48E4-9ABA-4448-9F62-BAA284BE1D5F}"
EndProject
Global
	GlobalSection(SolutionConfigurationPlatforms) = preSolution
		Debug|Any CPU = Debug|Any CPU
		Release|Any CPU = Release|Any CPU
	EndGlobalSection
	GlobalSection(ProjectConfigurationPlatforms) = postSolution
		{298C48E4-9ABA-4448-9F62-BAA284BE1D5F}.Debug|Any CPU.ActiveCfg = Debug|Any CPU
		{298C48E4-9ABA-4448-9F62-BAA284BE1D5F}.Debug|Any CPU.Build.0 = Debug|Any CPU
		{298C48E4-9ABA-4448-9F62-BAA284BE1D5F}.Release|Any CPU.ActiveCfg = Release|Any CPU
		{298C48E4-9ABA-4448-9F62-BAA284BE1D5F}.Release|Any CPU.Build.0 = Release|Any CPU
	EndGlobalSection
	GlobalSection(SolutionProperties) = preSolution
		HideSolutionNode = FALSE
	EndGlobalSection
	GlobalSection(ExtensibilityGlobals) = postSolution
		SolutionGuid = {C46F8945-E279-460D-895C-FD5D5B7D1DBC}
	EndGlobalSection
EndGlobal
